version = 1
revision = 2
requires-python = ">=3.12"

[[package]]
name = "attrs"
version = "25.3.0"
source = { registry = "https://pypi.org/simple" }
sdist = { url = "https://files.pythonhosted.org/packages/5a/b0/1367933a8532ee6ff8d63537de4f1177af4bff9f3e829baf7331f595bb24/attrs-25.3.0.tar.gz", hash = "sha256:75d7cefc7fb576747b2c81b4442d4d4a1ce0900973527c011d1030fd3bf4af1b", size = 812032, upload-time = "2025-03-13T11:10:22.779Z" }
wheels = [
    { url = "https://files.pythonhosted.org/packages/77/06/bb80f5f86020c4551da315d78b3ab75e8228f89f0162f2c3a819e407941a/attrs-25.3.0-py3-none-any.whl", hash = "sha256:427318ce031701fea540783410126f03899a97ffc6f61596ad581ac2e40e3bc3", size = 63815, upload-time = "2025-03-13T11:10:21.14Z" },
]

[[package]]
name = "dcatus-validator"
version = "0.1.0"
source = { virtual = "." }
dependencies = [
    { name = "jsonschema" },
]

[package.dev-dependencies]
dev = [
    { name = "ruff" },
]

[package.metadata]
requires-dist = [{ name = "jsonschema", specifier = ">=4.22.0" }]

[package.metadata.requires-dev]
dev = [{ name = "ruff", specifier = ">=0.11.9" }]

[[package]]
name = "jsonschema"
version = "4.24.0"
source = { registry = "https://pypi.org/simple" }
dependencies = [
    { name = "attrs" },
    { name = "jsonschema-specifications" },
    { name = "referencing" },
    { name = "rpds-py" },
]
sdist = { url = "https://files.pythonhosted.org/packages/bf/d3/1cf5326b923a53515d8f3a2cd442e6d7e94fcc444716e879ea70a0ce3177/jsonschema-4.24.0.tar.gz", hash = "sha256:0b4e8069eb12aedfa881333004bccaec24ecef5a8a6a4b6df142b2cc9599d196", size = 353480, upload-time = "2025-05-26T18:48:10.459Z" }
wheels = [
    { url = "https://files.pythonhosted.org/packages/a2/3d/023389198f69c722d039351050738d6755376c8fd343e91dc493ea485905/jsonschema-4.24.0-py3-none-any.whl", hash = "sha256:a462455f19f5faf404a7902952b6f0e3ce868f3ee09a359b05eca6673bd8412d", size = 88709, upload-time = "2025-05-26T18:48:08.417Z" },
]

[[package]]
name = "jsonschema-specifications"
version = "2025.4.1"
source = { registry = "https://pypi.org/simple" }
dependencies = [
    { name = "referencing" },
]
sdist = { url = "https://files.pythonhosted.org/packages/bf/ce/46fbd9c8119cfc3581ee5643ea49464d168028cfb5caff5fc0596d0cf914/jsonschema_specifications-2025.4.1.tar.gz", hash = "sha256:630159c9f4dbea161a6a2205c3011cc4f18ff381b189fff48bb39b9bf26ae608", size = 15513, upload-time = "2025-04-23T12:34:07.418Z" }
wheels = [
    { url = "https://files.pythonhosted.org/packages/01/0e/b27cdbaccf30b890c40ed1da9fd4a3593a5cf94dae54fb34f8a4b74fcd3f/jsonschema_specifications-2025.4.1-py3-none-any.whl", hash = "sha256:4653bffbd6584f7de83a67e0d620ef16900b390ddc7939d56684d6c81e33f1af", size = 18437, upload-time = "2025-04-23T12:34:05.422Z" },
]

[[package]]
name = "referencing"
version = "0.36.2"
source = { registry = "https://pypi.org/simple" }
dependencies = [
    { name = "attrs" },
    { name = "rpds-py" },
    { name = "typing-extensions", marker = "python_full_version < '3.13'" },
]
sdist = { url = "https://files.pythonhosted.org/packages/2f/db/98b5c277be99dd18bfd91dd04e1b759cad18d1a338188c936e92f921c7e2/referencing-0.36.2.tar.gz", hash = "sha256:df2e89862cd09deabbdba16944cc3f10feb6b3e6f18e902f7cc25609a34775aa", size = 74744, upload-time = "2025-01-25T08:48:16.138Z" }
wheels = [
    { url = "https://files.pythonhosted.org/packages/c1/b1/3baf80dc6d2b7bc27a95a67752d0208e410351e3feb4eb78de5f77454d8d/referencing-0.36.2-py3-none-any.whl", hash = "sha256:e8699adbbf8b5c7de96d8ffa0eb5c158b3beafce084968e2ea8bb08c6794dcd0", size = 26775, upload-time = "2025-01-25T08:48:14.241Z" },
]

[[package]]
name = "rpds-py"
version = "0.26.0"
source = { registry = "https://pypi.org/simple" }
sdist = { url = "https://files.pythonhosted.org/packages/a5/aa/4456d84bbb54adc6a916fb10c9b374f78ac840337644e4a5eda229c81275/rpds_py-0.26.0.tar.gz", hash = "sha256:20dae58a859b0906f0685642e591056f1e787f3a8b39c8e8749a45dc7d26bdb0", size = 27385, upload-time = "2025-07-01T15:57:13.958Z" }
wheels = [
    { url = "https://files.pythonhosted.org/packages/ea/86/90eb87c6f87085868bd077c7a9938006eb1ce19ed4d06944a90d3560fce2/rpds_py-0.26.0-cp312-cp312-macosx_10_12_x86_64.whl", hash = "sha256:894514d47e012e794f1350f076c427d2347ebf82f9b958d554d12819849a369d", size = 363933, upload-time = "2025-07-01T15:54:15.734Z" },
    { url = "https://files.pythonhosted.org/packages/63/78/4469f24d34636242c924626082b9586f064ada0b5dbb1e9d096ee7a8e0c6/rpds_py-0.26.0-cp312-cp312-macosx_11_0_arm64.whl", hash = "sha256:fc921b96fa95a097add244da36a1d9e4f3039160d1d30f1b35837bf108c21136", size = 350447, upload-time = "2025-07-01T15:54:16.922Z" },
    { url = "https://files.pythonhosted.org/packages/ad/91/c448ed45efdfdade82348d5e7995e15612754826ea640afc20915119734f/rpds_py-0.26.0-cp312-cp312-manylinux_2_17_aarch64.manylinux2014_aarch64.whl", hash = "sha256:3e1157659470aa42a75448b6e943c895be8c70531c43cb78b9ba990778955582", size = 384711, upload-time = "2025-07-01T15:54:18.101Z" },
    { url = "https://files.pythonhosted.org/packages/ec/43/e5c86fef4be7f49828bdd4ecc8931f0287b1152c0bb0163049b3218740e7/rpds_py-0.26.0-cp312-cp312-manylinux_2_17_armv7l.manylinux2014_armv7l.whl", hash = "sha256:521ccf56f45bb3a791182dc6b88ae5f8fa079dd705ee42138c76deb1238e554e", size = 400865, upload-time = "2025-07-01T15:54:19.295Z" },
    { url = "https://files.pythonhosted.org/packages/55/34/e00f726a4d44f22d5c5fe2e5ddd3ac3d7fd3f74a175607781fbdd06fe375/rpds_py-0.26.0-cp312-cp312-manylinux_2_17_ppc64le.manylinux2014_ppc64le.whl", hash = "sha256:9def736773fd56b305c0eef698be5192c77bfa30d55a0e5885f80126c4831a15", size = 517763, upload-time = "2025-07-01T15:54:20.858Z" },
    { url = "https://files.pythonhosted.org/packages/52/1c/52dc20c31b147af724b16104500fba13e60123ea0334beba7b40e33354b4/rpds_py-0.26.0-cp312-cp312-manylinux_2_17_s390x.manylinux2014_s390x.whl", hash = "sha256:cdad4ea3b4513b475e027be79e5a0ceac8ee1c113a1a11e5edc3c30c29f964d8", size = 406651, upload-time = "2025-07-01T15:54:22.508Z" },
    { url = "https://files.pythonhosted.org/packages/2e/77/87d7bfabfc4e821caa35481a2ff6ae0b73e6a391bb6b343db2c91c2b9844/rpds_py-0.26.0-cp312-cp312-manylinux_2_17_x86_64.manylinux2014_x86_64.whl", hash = "sha256:82b165b07f416bdccf5c84546a484cc8f15137ca38325403864bfdf2b5b72f6a", size = 386079, upload-time = "2025-07-01T15:54:23.987Z" },
    { url = "https://files.pythonhosted.org/packages/e3/d4/7f2200c2d3ee145b65b3cddc4310d51f7da6a26634f3ac87125fd789152a/rpds_py-0.26.0-cp312-cp312-manylinux_2_5_i686.manylinux1_i686.whl", hash = "sha256:d04cab0a54b9dba4d278fe955a1390da3cf71f57feb78ddc7cb67cbe0bd30323", size = 421379, upload-time = "2025-07-01T15:54:25.073Z" },
    { url = "https://files.pythonhosted.org/packages/ae/13/9fdd428b9c820869924ab62236b8688b122baa22d23efdd1c566938a39ba/rpds_py-0.26.0-cp312-cp312-musllinux_1_2_aarch64.whl", hash = "sha256:79061ba1a11b6a12743a2b0f72a46aa2758613d454aa6ba4f5a265cc48850158", size = 562033, upload-time = "2025-07-01T15:54:26.225Z" },
    { url = "https://files.pythonhosted.org/packages/f3/e1/b69686c3bcbe775abac3a4c1c30a164a2076d28df7926041f6c0eb5e8d28/rpds_py-0.26.0-cp312-cp312-musllinux_1_2_i686.whl", hash = "sha256:f405c93675d8d4c5ac87364bb38d06c988e11028a64b52a47158a355079661f3", size = 591639, upload-time = "2025-07-01T15:54:27.424Z" },
    { url = "https://files.pythonhosted.org/packages/5c/c9/1e3d8c8863c84a90197ac577bbc3d796a92502124c27092413426f670990/rpds_py-0.26.0-cp312-cp312-musllinux_1_2_x86_64.whl", hash = "sha256:dafd4c44b74aa4bed4b250f1aed165b8ef5de743bcca3b88fc9619b6087093d2", size = 557105, upload-time = "2025-07-01T15:54:29.93Z" },
    { url = "https://files.pythonhosted.org/packages/9f/c5/90c569649057622959f6dcc40f7b516539608a414dfd54b8d77e3b201ac0/rpds_py-0.26.0-cp312-cp312-win32.whl", hash = "sha256:3da5852aad63fa0c6f836f3359647870e21ea96cf433eb393ffa45263a170d44", size = 223272, upload-time = "2025-07-01T15:54:31.128Z" },
    { url = "https://files.pythonhosted.org/packages/7d/16/19f5d9f2a556cfed454eebe4d354c38d51c20f3db69e7b4ce6cff904905d/rpds_py-0.26.0-cp312-cp312-win_amd64.whl", hash = "sha256:cf47cfdabc2194a669dcf7a8dbba62e37a04c5041d2125fae0233b720da6f05c", size = 234995, upload-time = "2025-07-01T15:54:32.195Z" },
    { url = "https://files.pythonhosted.org/packages/83/f0/7935e40b529c0e752dfaa7880224771b51175fce08b41ab4a92eb2fbdc7f/rpds_py-0.26.0-cp312-cp312-win_arm64.whl", hash = "sha256:20ab1ae4fa534f73647aad289003f1104092890849e0266271351922ed5574f8", size = 223198, upload-time = "2025-07-01T15:54:33.271Z" },
    { url = "https://files.pythonhosted.org/packages/6a/67/bb62d0109493b12b1c6ab00de7a5566aa84c0e44217c2d94bee1bd370da9/rpds_py-0.26.0-cp313-cp313-macosx_10_12_x86_64.whl", hash = "sha256:696764a5be111b036256c0b18cd29783fab22154690fc698062fc1b0084b511d", size = 363917, upload-time = "2025-07-01T15:54:34.755Z" },
    { url = "https://files.pythonhosted.org/packages/4b/f3/34e6ae1925a5706c0f002a8d2d7f172373b855768149796af87bd65dcdb9/rpds_py-0.26.0-cp313-cp313-macosx_11_0_arm64.whl", hash = "sha256:1e6c15d2080a63aaed876e228efe4f814bc7889c63b1e112ad46fdc8b368b9e1", size = 350073, upload-time = "2025-07-01T15:54:36.292Z" },
    { url = "https://files.pythonhosted.org/packages/75/83/1953a9d4f4e4de7fd0533733e041c28135f3c21485faaef56a8aadbd96b5/rpds_py-0.26.0-cp313-cp313-manylinux_2_17_aarch64.manylinux2014_aarch64.whl", hash = "sha256:390e3170babf42462739a93321e657444f0862c6d722a291accc46f9d21ed04e", size = 384214, upload-time = "2025-07-01T15:54:37.469Z" },
    { url = "https://files.pythonhosted.org/packages/48/0e/983ed1b792b3322ea1d065e67f4b230f3b96025f5ce3878cc40af09b7533/rpds_py-0.26.0-cp313-cp313-manylinux_2_17_armv7l.manylinux2014_armv7l.whl", hash = "sha256:7da84c2c74c0f5bc97d853d9e17bb83e2dcafcff0dc48286916001cc114379a1", size = 400113, upload-time = "2025-07-01T15:54:38.954Z" },
    { url = "https://files.pythonhosted.org/packages/69/7f/36c0925fff6f660a80be259c5b4f5e53a16851f946eb080351d057698528/rpds_py-0.26.0-cp313-cp313-manylinux_2_17_ppc64le.manylinux2014_ppc64le.whl", hash = "sha256:4c5fe114a6dd480a510b6d3661d09d67d1622c4bf20660a474507aaee7eeeee9", size = 515189, upload-time = "2025-07-01T15:54:40.57Z" },
    { url = "https://files.pythonhosted.org/packages/13/45/cbf07fc03ba7a9b54662c9badb58294ecfb24f828b9732970bd1a431ed5c/rpds_py-0.26.0-cp313-cp313-manylinux_2_17_s390x.manylinux2014_s390x.whl", hash = "sha256:3100b3090269f3a7ea727b06a6080d4eb7439dca4c0e91a07c5d133bb1727ea7", size = 406998, upload-time = "2025-07-01T15:54:43.025Z" },
    { url = "https://files.pythonhosted.org/packages/6c/b0/8fa5e36e58657997873fd6a1cf621285ca822ca75b4b3434ead047daa307/rpds_py-0.26.0-cp313-cp313-manylinux_2_17_x86_64.manylinux2014_x86_64.whl", hash = "sha256:2c03c9b0c64afd0320ae57de4c982801271c0c211aa2d37f3003ff5feb75bb04", size = 385903, upload-time = "2025-07-01T15:54:44.752Z" },
    { url = "https://files.pythonhosted.org/packages/4b/f7/b25437772f9f57d7a9fbd73ed86d0dcd76b4c7c6998348c070d90f23e315/rpds_py-0.26.0-cp313-cp313-manylinux_2_5_i686.manylinux1_i686.whl", hash = "sha256:5963b72ccd199ade6ee493723d18a3f21ba7d5b957017607f815788cef50eaf1", size = 419785, upload-time = "2025-07-01T15:54:46.043Z" },
    { url = "https://files.pythonhosted.org/packages/a7/6b/63ffa55743dfcb4baf2e9e77a0b11f7f97ed96a54558fcb5717a4b2cd732/rpds_py-0.26.0-cp313-cp313-musllinux_1_2_aarch64.whl", hash = "sha256:9da4e873860ad5bab3291438525cae80169daecbfafe5657f7f5fb4d6b3f96b9", size = 561329, upload-time = "2025-07-01T15:54:47.64Z" },
    { url = "https://files.pythonhosted.org/packages/2f/07/1f4f5e2886c480a2346b1e6759c00278b8a69e697ae952d82ae2e6ee5db0/rpds_py-0.26.0-cp313-cp313-musllinux_1_2_i686.whl", hash = "sha256:5afaddaa8e8c7f1f7b4c5c725c0070b6eed0228f705b90a1732a48e84350f4e9", size = 590875, upload-time = "2025-07-01T15:54:48.9Z" },
    { url = "https://files.pythonhosted.org/packages/cc/bc/e6639f1b91c3a55f8c41b47d73e6307051b6e246254a827ede730624c0f8/rpds_py-0.26.0-cp313-cp313-musllinux_1_2_x86_64.whl", hash = "sha256:4916dc96489616a6f9667e7526af8fa693c0fdb4f3acb0e5d9f4400eb06a47ba", size = 556636, upload-time = "2025-07-01T15:54:50.619Z" },
    { url = "https://files.pythonhosted.org/packages/05/4c/b3917c45566f9f9a209d38d9b54a1833f2bb1032a3e04c66f75726f28876/rpds_py-0.26.0-cp313-cp313-win32.whl", hash = "sha256:2a343f91b17097c546b93f7999976fd6c9d5900617aa848c81d794e062ab302b", size = 222663, upload-time = "2025-07-01T15:54:52.023Z" },
    { url = "https://files.pythonhosted.org/packages/e0/0b/0851bdd6025775aaa2365bb8de0697ee2558184c800bfef8d7aef5ccde58/rpds_py-0.26.0-cp313-cp313-win_amd64.whl", hash = "sha256:0a0b60701f2300c81b2ac88a5fb893ccfa408e1c4a555a77f908a2596eb875a5", size = 234428, upload-time = "2025-07-01T15:54:53.692Z" },
    { url = "https://files.pythonhosted.org/packages/ed/e8/a47c64ed53149c75fb581e14a237b7b7cd18217e969c30d474d335105622/rpds_py-0.26.0-cp313-cp313-win_arm64.whl", hash = "sha256:257d011919f133a4746958257f2c75238e3ff54255acd5e3e11f3ff41fd14256", size = 222571, upload-time = "2025-07-01T15:54:54.822Z" },
    { url = "https://files.pythonhosted.org/packages/89/bf/3d970ba2e2bcd17d2912cb42874107390f72873e38e79267224110de5e61/rpds_py-0.26.0-cp313-cp313t-macosx_10_12_x86_64.whl", hash = "sha256:529c8156d7506fba5740e05da8795688f87119cce330c244519cf706a4a3d618", size = 360475, upload-time = "2025-07-01T15:54:56.228Z" },
    { url = "https://files.pythonhosted.org/packages/82/9f/283e7e2979fc4ec2d8ecee506d5a3675fce5ed9b4b7cb387ea5d37c2f18d/rpds_py-0.26.0-cp313-cp313t-macosx_11_0_arm64.whl", hash = "sha256:f53ec51f9d24e9638a40cabb95078ade8c99251945dad8d57bf4aabe86ecee35", size = 346692, upload-time = "2025-07-01T15:54:58.561Z" },
    { url = "https://files.pythonhosted.org/packages/e3/03/7e50423c04d78daf391da3cc4330bdb97042fc192a58b186f2d5deb7befd/rpds_py-0.26.0-cp313-cp313t-manylinux_2_17_aarch64.manylinux2014_aarch64.whl", hash = "sha256:7ab504c4d654e4a29558eaa5bb8cea5fdc1703ea60a8099ffd9c758472cf913f", size = 379415, upload-time = "2025-07-01T15:54:59.751Z" },
    { url = "https://files.pythonhosted.org/packages/57/00/d11ee60d4d3b16808432417951c63df803afb0e0fc672b5e8d07e9edaaae/rpds_py-0.26.0-cp313-cp313t-manylinux_2_17_armv7l.manylinux2014_armv7l.whl", hash = "sha256:fd0641abca296bc1a00183fe44f7fced8807ed49d501f188faa642d0e4975b83", size = 391783, upload-time = "2025-07-01T15:55:00.898Z" },
    { url = "https://files.pythonhosted.org/packages/08/b3/1069c394d9c0d6d23c5b522e1f6546b65793a22950f6e0210adcc6f97c3e/rpds_py-0.26.0-cp313-cp313t-manylinux_2_17_ppc64le.manylinux2014_ppc64le.whl", hash = "sha256:69b312fecc1d017b5327afa81d4da1480f51c68810963a7336d92203dbb3d4f1", size = 512844, upload-time = "2025-07-01T15:55:02.201Z" },
    { url = "https://files.pythonhosted.org/packages/08/3b/c4fbf0926800ed70b2c245ceca99c49f066456755f5d6eb8863c2c51e6d0/rpds_py-0.26.0-cp313-cp313t-manylinux_2_17_s390x.manylinux2014_s390x.whl", hash = "sha256:c741107203954f6fc34d3066d213d0a0c40f7bb5aafd698fb39888af277c70d8", size = 402105, upload-time = "2025-07-01T15:55:03.698Z" },
    { url = "https://files.pythonhosted.org/packages/1c/b0/db69b52ca07413e568dae9dc674627a22297abb144c4d6022c6d78f1e5cc/rpds_py-0.26.0-cp313-cp313t-manylinux_2_17_x86_64.manylinux2014_x86_64.whl", hash = "sha256:fc3e55a7db08dc9a6ed5fb7103019d2c1a38a349ac41901f9f66d7f95750942f", size = 383440, upload-time = "2025-07-01T15:55:05.398Z" },
    { url = "https://files.pythonhosted.org/packages/4c/e1/c65255ad5b63903e56b3bb3ff9dcc3f4f5c3badde5d08c741ee03903e951/rpds_py-0.26.0-cp313-cp313t-manylinux_2_5_i686.manylinux1_i686.whl", hash = "sha256:9e851920caab2dbcae311fd28f4313c6953993893eb5c1bb367ec69d9a39e7ed", size = 412759, upload-time = "2025-07-01T15:55:08.316Z" },
    { url = "https://files.pythonhosted.org/packages/e4/22/bb731077872377a93c6e93b8a9487d0406c70208985831034ccdeed39c8e/rpds_py-0.26.0-cp313-cp313t-musllinux_1_2_aarch64.whl", hash = "sha256:dfbf280da5f876d0b00c81f26bedce274e72a678c28845453885a9b3c22ae632", size = 556032, upload-time = "2025-07-01T15:55:09.52Z" },
    { url = "https://files.pythonhosted.org/packages/e0/8b/393322ce7bac5c4530fb96fc79cc9ea2f83e968ff5f6e873f905c493e1c4/rpds_py-0.26.0-cp313-cp313t-musllinux_1_2_i686.whl", hash = "sha256:1cc81d14ddfa53d7f3906694d35d54d9d3f850ef8e4e99ee68bc0d1e5fed9a9c", size = 585416, upload-time = "2025-07-01T15:55:11.216Z" },
    { url = "https://files.pythonhosted.org/packages/49/ae/769dc372211835bf759319a7aae70525c6eb523e3371842c65b7ef41c9c6/rpds_py-0.26.0-cp313-cp313t-musllinux_1_2_x86_64.whl", hash = "sha256:dca83c498b4650a91efcf7b88d669b170256bf8017a5db6f3e06c2bf031f57e0", size = 554049, upload-time = "2025-07-01T15:55:13.004Z" },
    { url = "https://files.pythonhosted.org/packages/6b/f9/4c43f9cc203d6ba44ce3146246cdc38619d92c7bd7bad4946a3491bd5b70/rpds_py-0.26.0-cp313-cp313t-win32.whl", hash = "sha256:4d11382bcaf12f80b51d790dee295c56a159633a8e81e6323b16e55d81ae37e9", size = 218428, upload-time = "2025-07-01T15:55:14.486Z" },
    { url = "https://files.pythonhosted.org/packages/7e/8b/9286b7e822036a4a977f2f1e851c7345c20528dbd56b687bb67ed68a8ede/rpds_py-0.26.0-cp313-cp313t-win_amd64.whl", hash = "sha256:ff110acded3c22c033e637dd8896e411c7d3a11289b2edf041f86663dbc791e9", size = 231524, upload-time = "2025-07-01T15:55:15.745Z" },
    { url = "https://files.pythonhosted.org/packages/55/07/029b7c45db910c74e182de626dfdae0ad489a949d84a468465cd0ca36355/rpds_py-0.26.0-cp314-cp314-macosx_10_12_x86_64.whl", hash = "sha256:da619979df60a940cd434084355c514c25cf8eb4cf9a508510682f6c851a4f7a", size = 364292, upload-time = "2025-07-01T15:55:17.001Z" },
    { url = "https://files.pythonhosted.org/packages/13/d1/9b3d3f986216b4d1f584878dca15ce4797aaf5d372d738974ba737bf68d6/rpds_py-0.26.0-cp314-cp314-macosx_11_0_arm64.whl", hash = "sha256:ea89a2458a1a75f87caabefe789c87539ea4e43b40f18cff526052e35bbb4fdf", size = 350334, upload-time = "2025-07-01T15:55:18.922Z" },
    { url = "https://files.pythonhosted.org/packages/18/98/16d5e7bc9ec715fa9668731d0cf97f6b032724e61696e2db3d47aeb89214/rpds_py-0.26.0-cp314-cp314-manylinux_2_17_aarch64.manylinux2014_aarch64.whl", hash = "sha256:feac1045b3327a45944e7dcbeb57530339f6b17baff154df51ef8b0da34c8c12", size = 384875, upload-time = "2025-07-01T15:55:20.399Z" },
    { url = "https://files.pythonhosted.org/packages/f9/13/aa5e2b1ec5ab0e86a5c464d53514c0467bec6ba2507027d35fc81818358e/rpds_py-0.26.0-cp314-cp314-manylinux_2_17_armv7l.manylinux2014_armv7l.whl", hash = "sha256:b818a592bd69bfe437ee8368603d4a2d928c34cffcdf77c2e761a759ffd17d20", size = 399993, upload-time = "2025-07-01T15:55:21.729Z" },
    { url = "https://files.pythonhosted.org/packages/17/03/8021810b0e97923abdbab6474c8b77c69bcb4b2c58330777df9ff69dc559/rpds_py-0.26.0-cp314-cp314-manylinux_2_17_ppc64le.manylinux2014_ppc64le.whl", hash = "sha256:1a8b0dd8648709b62d9372fc00a57466f5fdeefed666afe3fea5a6c9539a0331", size = 516683, upload-time = "2025-07-01T15:55:22.918Z" },
    { url = "https://files.pythonhosted.org/packages/dc/b1/da8e61c87c2f3d836954239fdbbfb477bb7b54d74974d8f6fcb34342d166/rpds_py-0.26.0-cp314-cp314-manylinux_2_17_s390x.manylinux2014_s390x.whl", hash = "sha256:6d3498ad0df07d81112aa6ec6c95a7e7b1ae00929fb73e7ebee0f3faaeabad2f", size = 408825, upload-time = "2025-07-01T15:55:24.207Z" },
    { url = "https://files.pythonhosted.org/packages/38/bc/1fc173edaaa0e52c94b02a655db20697cb5fa954ad5a8e15a2c784c5cbdd/rpds_py-0.26.0-cp314-cp314-manylinux_2_17_x86_64.manylinux2014_x86_64.whl", hash = "sha256:24a4146ccb15be237fdef10f331c568e1b0e505f8c8c9ed5d67759dac58ac246", size = 387292, upload-time = "2025-07-01T15:55:25.554Z" },
    { url = "https://files.pythonhosted.org/packages/7c/eb/3a9bb4bd90867d21916f253caf4f0d0be7098671b6715ad1cead9fe7bab9/rpds_py-0.26.0-cp314-cp314-manylinux_2_5_i686.manylinux1_i686.whl", hash = "sha256:a9a63785467b2d73635957d32a4f6e73d5e4df497a16a6392fa066b753e87387", size = 420435, upload-time = "2025-07-01T15:55:27.798Z" },
    { url = "https://files.pythonhosted.org/packages/cd/16/e066dcdb56f5632713445271a3f8d3d0b426d51ae9c0cca387799df58b02/rpds_py-0.26.0-cp314-cp314-musllinux_1_2_aarch64.whl", hash = "sha256:de4ed93a8c91debfd5a047be327b7cc8b0cc6afe32a716bbbc4aedca9e2a83af", size = 562410, upload-time = "2025-07-01T15:55:29.057Z" },
    { url = "https://files.pythonhosted.org/packages/60/22/ddbdec7eb82a0dc2e455be44c97c71c232983e21349836ce9f272e8a3c29/rpds_py-0.26.0-cp314-cp314-musllinux_1_2_i686.whl", hash = "sha256:caf51943715b12af827696ec395bfa68f090a4c1a1d2509eb4e2cb69abbbdb33", size = 590724, upload-time = "2025-07-01T15:55:30.719Z" },
    { url = "https://files.pythonhosted.org/packages/2c/b4/95744085e65b7187d83f2fcb0bef70716a1ea0a9e5d8f7f39a86e5d83424/rpds_py-0.26.0-cp314-cp314-musllinux_1_2_x86_64.whl", hash = "sha256:4a59e5bc386de021f56337f757301b337d7ab58baa40174fb150accd480bc953", size = 558285, upload-time = "2025-07-01T15:55:31.981Z" },
    { url = "https://files.pythonhosted.org/packages/37/37/6309a75e464d1da2559446f9c811aa4d16343cebe3dbb73701e63f760caa/rpds_py-0.26.0-cp314-cp314-win32.whl", hash = "sha256:92c8db839367ef16a662478f0a2fe13e15f2227da3c1430a782ad0f6ee009ec9", size = 223459, upload-time = "2025-07-01T15:55:33.312Z" },
    { url = "https://files.pythonhosted.org/packages/d9/6f/8e9c11214c46098b1d1391b7e02b70bb689ab963db3b19540cba17315291/rpds_py-0.26.0-cp314-cp314-win_amd64.whl", hash = "sha256:b0afb8cdd034150d4d9f53926226ed27ad15b7f465e93d7468caaf5eafae0d37", size = 236083, upload-time = "2025-07-01T15:55:34.933Z" },
    { url = "https://files.pythonhosted.org/packages/47/af/9c4638994dd623d51c39892edd9d08e8be8220a4b7e874fa02c2d6e91955/rpds_py-0.26.0-cp314-cp314-win_arm64.whl", hash = "sha256:ca3f059f4ba485d90c8dc75cb5ca897e15325e4e609812ce57f896607c1c0867", size = 223291, upload-time = "2025-07-01T15:55:36.202Z" },
    { url = "https://files.pythonhosted.org/packages/4d/db/669a241144460474aab03e254326b32c42def83eb23458a10d163cb9b5ce/rpds_py-0.26.0-cp314-cp314t-macosx_10_12_x86_64.whl", hash = "sha256:5afea17ab3a126006dc2f293b14ffc7ef3c85336cf451564a0515ed7648033da", size = 361445, upload-time = "2025-07-01T15:55:37.483Z" },
    { url = "https://files.pythonhosted.org/packages/3b/2d/133f61cc5807c6c2fd086a46df0eb8f63a23f5df8306ff9f6d0fd168fecc/rpds_py-0.26.0-cp314-cp314t-macosx_11_0_arm64.whl", hash = "sha256:69f0c0a3df7fd3a7eec50a00396104bb9a843ea6d45fcc31c2d5243446ffd7a7", size = 347206, upload-time = "2025-07-01T15:55:38.828Z" },
    { url = "https://files.pythonhosted.org/packages/05/bf/0e8fb4c05f70273469eecf82f6ccf37248558526a45321644826555db31b/rpds_py-0.26.0-cp314-cp314t-manylinux_2_17_aarch64.manylinux2014_aarch64.whl", hash = "sha256:801a71f70f9813e82d2513c9a96532551fce1e278ec0c64610992c49c04c2dad", size = 380330, upload-time = "2025-07-01T15:55:40.175Z" },
    { url = "https://files.pythonhosted.org/packages/d4/a8/060d24185d8b24d3923322f8d0ede16df4ade226a74e747b8c7c978e3dd3/rpds_py-0.26.0-cp314-cp314t-manylinux_2_17_armv7l.manylinux2014_armv7l.whl", hash = "sha256:df52098cde6d5e02fa75c1f6244f07971773adb4a26625edd5c18fee906fa84d", size = 392254, upload-time = "2025-07-01T15:55:42.015Z" },
    { url = "https://files.pythonhosted.org/packages/b9/7b/7c2e8a9ee3e6bc0bae26bf29f5219955ca2fbb761dca996a83f5d2f773fe/rpds_py-0.26.0-cp314-cp314t-manylinux_2_17_ppc64le.manylinux2014_ppc64le.whl", hash = "sha256:9bc596b30f86dc6f0929499c9e574601679d0341a0108c25b9b358a042f51bca", size = 516094, upload-time = "2025-07-01T15:55:43.603Z" },
    { url = "https://files.pythonhosted.org/packages/75/d6/f61cafbed8ba1499b9af9f1777a2a199cd888f74a96133d8833ce5eaa9c5/rpds_py-0.26.0-cp314-cp314t-manylinux_2_17_s390x.manylinux2014_s390x.whl", hash = "sha256:9dfbe56b299cf5875b68eb6f0ebaadc9cac520a1989cac0db0765abfb3709c19", size = 402889, upload-time = "2025-07-01T15:55:45.275Z" },
    { url = "https://files.pythonhosted.org/packages/92/19/c8ac0a8a8df2dd30cdec27f69298a5c13e9029500d6d76718130f5e5be10/rpds_py-0.26.0-cp314-cp314t-manylinux_2_17_x86_64.manylinux2014_x86_64.whl", hash = "sha256:ac64f4b2bdb4ea622175c9ab7cf09444e412e22c0e02e906978b3b488af5fde8", size = 384301, upload-time = "2025-07-01T15:55:47.098Z" },
    { url = "https://files.pythonhosted.org/packages/41/e1/6b1859898bc292a9ce5776016c7312b672da00e25cec74d7beced1027286/rpds_py-0.26.0-cp314-cp314t-manylinux_2_5_i686.manylinux1_i686.whl", hash = "sha256:181ef9b6bbf9845a264f9aa45c31836e9f3c1f13be565d0d010e964c661d1e2b", size = 412891, upload-time = "2025-07-01T15:55:48.412Z" },
    { url = "https://files.pythonhosted.org/packages/ef/b9/ceb39af29913c07966a61367b3c08b4f71fad841e32c6b59a129d5974698/rpds_py-0.26.0-cp314-cp314t-musllinux_1_2_aarch64.whl", hash = "sha256:49028aa684c144ea502a8e847d23aed5e4c2ef7cadfa7d5eaafcb40864844b7a", size = 557044, upload-time = "2025-07-01T15:55:49.816Z" },
    { url = "https://files.pythonhosted.org/packages/2f/27/35637b98380731a521f8ec4f3fd94e477964f04f6b2f8f7af8a2d889a4af/rpds_py-0.26.0-cp314-cp314t-musllinux_1_2_i686.whl", hash = "sha256:e5d524d68a474a9688336045bbf76cb0def88549c1b2ad9dbfec1fb7cfbe9170", size = 585774, upload-time = "2025-07-01T15:55:51.192Z" },
    { url = "https://files.pythonhosted.org/packages/52/d9/3f0f105420fecd18551b678c9a6ce60bd23986098b252a56d35781b3e7e9/rpds_py-0.26.0-cp314-cp314t-musllinux_1_2_x86_64.whl", hash = "sha256:c1851f429b822831bd2edcbe0cfd12ee9ea77868f8d3daf267b189371671c80e", size = 554886, upload-time = "2025-07-01T15:55:52.541Z" },
    { url = "https://files.pythonhosted.org/packages/6b/c5/347c056a90dc8dd9bc240a08c527315008e1b5042e7a4cf4ac027be9d38a/rpds_py-0.26.0-cp314-cp314t-win32.whl", hash = "sha256:7bdb17009696214c3b66bb3590c6d62e14ac5935e53e929bcdbc5a495987a84f", size = 219027, upload-time = "2025-07-01T15:55:53.874Z" },
    { url = "https://files.pythonhosted.org/packages/75/04/5302cea1aa26d886d34cadbf2dc77d90d7737e576c0065f357b96dc7a1a6/rpds_py-0.26.0-cp314-cp314t-win_amd64.whl", hash = "sha256:f14440b9573a6f76b4ee4770c13f0b5921f71dde3b6fcb8dabbefd13b7fe05d7", size = 232821, upload-time = "2025-07-01T15:55:55.167Z" },
]

[[package]]
name = "ruff"
version = "0.12.2"
source = { registry = "https://pypi.org/simple" }
sdist = { url = "https://files.pythonhosted.org/packages/6c/3d/d9a195676f25d00dbfcf3cf95fdd4c685c497fcfa7e862a44ac5e4e96480/ruff-0.12.2.tar.gz", hash = "sha256:d7b4f55cd6f325cb7621244f19c873c565a08aff5a4ba9c69aa7355f3f7afd3e", size = 4432239, upload-time = "2025-07-03T16:40:19.566Z" }
wheels = [
    { url = "https://files.pythonhosted.org/packages/74/b6/2098d0126d2d3318fd5bec3ad40d06c25d377d95749f7a0c5af17129b3b1/ruff-0.12.2-py3-none-linux_armv6l.whl", hash = "sha256:093ea2b221df1d2b8e7ad92fc6ffdca40a2cb10d8564477a987b44fd4008a7be", size = 10369761, upload-time = "2025-07-03T16:39:38.847Z" },
    { url = "https://files.pythonhosted.org/packages/b1/4b/5da0142033dbe155dc598cfb99262d8ee2449d76920ea92c4eeb9547c208/ruff-0.12.2-py3-none-macosx_10_12_x86_64.whl", hash = "sha256:09e4cf27cc10f96b1708100fa851e0daf21767e9709e1649175355280e0d950e", size = 11155659, upload-time = "2025-07-03T16:39:42.294Z" },
    { url = "https://files.pythonhosted.org/packages/3e/21/967b82550a503d7c5c5c127d11c935344b35e8c521f52915fc858fb3e473/ruff-0.12.2-py3-none-macosx_11_0_arm64.whl", hash = "sha256:8ae64755b22f4ff85e9c52d1f82644abd0b6b6b6deedceb74bd71f35c24044cc", size = 10537769, upload-time = "2025-07-03T16:39:44.75Z" },
    { url = "https://files.pythonhosted.org/packages/33/91/00cff7102e2ec71a4890fb7ba1803f2cdb122d82787c7d7cf8041fe8cbc1/ruff-0.12.2-py3-none-manylinux_2_17_aarch64.manylinux2014_aarch64.whl", hash = "sha256:3eb3a6b2db4d6e2c77e682f0b988d4d61aff06860158fdb413118ca133d57922", size = 10717602, upload-time = "2025-07-03T16:39:47.652Z" },
    { url = "https://files.pythonhosted.org/packages/9b/eb/928814daec4e1ba9115858adcda44a637fb9010618721937491e4e2283b8/ruff-0.12.2-py3-none-manylinux_2_17_armv7l.manylinux2014_armv7l.whl", hash = "sha256:73448de992d05517170fc37169cbca857dfeaeaa8c2b9be494d7bcb0d36c8f4b", size = 10198772, upload-time = "2025-07-03T16:39:49.641Z" },
    { url = "https://files.pythonhosted.org/packages/50/fa/f15089bc20c40f4f72334f9145dde55ab2b680e51afb3b55422effbf2fb6/ruff-0.12.2-py3-none-manylinux_2_17_i686.manylinux2014_i686.whl", hash = "sha256:3b8b94317cbc2ae4a2771af641739f933934b03555e51515e6e021c64441532d", size = 11845173, upload-time = "2025-07-03T16:39:52.069Z" },
    { url = "https://files.pythonhosted.org/packages/43/9f/1f6f98f39f2b9302acc161a4a2187b1e3a97634fe918a8e731e591841cf4/ruff-0.12.2-py3-none-manylinux_2_17_ppc64.manylinux2014_ppc64.whl", hash = "sha256:45fc42c3bf1d30d2008023a0a9a0cfb06bf9835b147f11fe0679f21ae86d34b1", size = 12553002, upload-time = "2025-07-03T16:39:54.551Z" },
    { url = "https://files.pythonhosted.org/packages/d8/70/08991ac46e38ddd231c8f4fd05ef189b1b94be8883e8c0c146a025c20a19/ruff-0.12.2-py3-none-manylinux_2_17_ppc64le.manylinux2014_ppc64le.whl", hash = "sha256:ce48f675c394c37e958bf229fb5c1e843e20945a6d962cf3ea20b7a107dcd9f4", size = 12171330, upload-time = "2025-07-03T16:39:57.55Z" },
    { url = "https://files.pythonhosted.org/packages/88/a9/5a55266fec474acfd0a1c73285f19dd22461d95a538f29bba02edd07a5d9/ruff-0.12.2-py3-none-manylinux_2_17_s390x.manylinux2014_s390x.whl", hash = "sha256:793d8859445ea47591272021a81391350205a4af65a9392401f418a95dfb75c9", size = 11774717, upload-time = "2025-07-03T16:39:59.78Z" },
    { url = "https://files.pythonhosted.org/packages/87/e5/0c270e458fc73c46c0d0f7cf970bb14786e5fdb88c87b5e423a4bd65232b/ruff-0.12.2-py3-none-manylinux_2_17_x86_64.manylinux2014_x86_64.whl", hash = "sha256:6932323db80484dda89153da3d8e58164d01d6da86857c79f1961934354992da", size = 11646659, upload-time = "2025-07-03T16:40:01.934Z" },
    { url = "https://files.pythonhosted.org/packages/b7/b6/45ab96070c9752af37f0be364d849ed70e9ccede07675b0ec4e3ef76b63b/ruff-0.12.2-py3-none-musllinux_1_2_aarch64.whl", hash = "sha256:6aa7e623a3a11538108f61e859ebf016c4f14a7e6e4eba1980190cacb57714ce", size = 10604012, upload-time = "2025-07-03T16:40:04.363Z" },
    { url = "https://files.pythonhosted.org/packages/86/91/26a6e6a424eb147cc7627eebae095cfa0b4b337a7c1c413c447c9ebb72fd/ruff-0.12.2-py3-none-musllinux_1_2_armv7l.whl", hash = "sha256:2a4a20aeed74671b2def096bdf2eac610c7d8ffcbf4fb0e627c06947a1d7078d", size = 10176799, upload-time = "2025-07-03T16:40:06.514Z" },
    { url = "https://files.pythonhosted.org/packages/f5/0c/9f344583465a61c8918a7cda604226e77b2c548daf8ef7c2bfccf2b37200/ruff-0.12.2-py3-none-musllinux_1_2_i686.whl", hash = "sha256:71a4c550195612f486c9d1f2b045a600aeba851b298c667807ae933478fcef04", size = 11241507, upload-time = "2025-07-03T16:40:08.708Z" },
    { url = "https://files.pythonhosted.org/packages/1c/b7/99c34ded8fb5f86c0280278fa89a0066c3760edc326e935ce0b1550d315d/ruff-0.12.2-py3-none-musllinux_1_2_x86_64.whl", hash = "sha256:4987b8f4ceadf597c927beee65a5eaf994c6e2b631df963f86d8ad1bdea99342", size = 11717609, upload-time = "2025-07-03T16:40:10.836Z" },
    { url = "https://files.pythonhosted.org/packages/51/de/8589fa724590faa057e5a6d171e7f2f6cffe3287406ef40e49c682c07d89/ruff-0.12.2-py3-none-win32.whl", hash = "sha256:369ffb69b70cd55b6c3fc453b9492d98aed98062db9fec828cdfd069555f5f1a", size = 10523823, upload-time = "2025-07-03T16:40:13.203Z" },
    { url = "https://files.pythonhosted.org/packages/94/47/8abf129102ae4c90cba0c2199a1a9b0fa896f6f806238d6f8c14448cc748/ruff-0.12.2-py3-none-win_amd64.whl", hash = "sha256:dca8a3b6d6dc9810ed8f328d406516bf4d660c00caeaef36eb831cf4871b0639", size = 11629831, upload-time = "2025-07-03T16:40:15.478Z" },
    { url = "https://files.pythonhosted.org/packages/e2/1f/72d2946e3cc7456bb837e88000eb3437e55f80db339c840c04015a11115d/ruff-0.12.2-py3-none-win_arm64.whl", hash = "sha256:48d6c6bfb4761df68bc05ae630e24f506755e702d4fb08f08460be778c7ccb12", size = 10735334, upload-time = "2025-07-03T16:40:17.677Z" },
]

[[package]]
name = "typing-extensions"
version = "4.14.1"
source = { registry = "https://pypi.org/simple" }
sdist = { url = "https://files.pythonhosted.org/packages/98/5a/da40306b885cc8c09109dc2e1abd358d5684b1425678151cdaed4731c822/typing_extensions-4.14.1.tar.gz", hash = "sha256:38b39f4aeeab64884ce9f74c94263ef78f3c22467c8724005483154c26648d36", size = 107673, upload-time = "2025-07-04T13:28:34.16Z" }
wheels = [
    { url = "https://files.pythonhosted.org/packages/b5/00/d631e67a838026495268c2f6884f3711a15a9a2a96cd244fdaea53b823fb/typing_extensions-4.14.1-py3-none-any.whl", hash = "sha256:d1e1e3b58374dc93031d6eda2420a48ea44a36c2b4766a4fdeb3710755731d76", size = 43906, upload-time = "2025-07-04T13:28:32.743Z" },
]
